// !$*UTF8*$!
{
	archiveVersion = 1;
	classes = {
	};
	objectVersion = 46;
	objects = {

/* Begin PBXBuildFile section */
		646FBE9418D5D6FC00207C0D /* StartLoadingTableViewController.m in Sources */ = {isa = PBXBuildFile; fileRef = 646FBE9318D5D6FC00207C0D /* StartLoadingTableViewController.m */; };
		646FBE9718D5D70E00207C0D /* StopLoadingTableViewController.m in Sources */ = {isa = PBXBuildFile; fileRef = 646FBE9618D5D70E00207C0D /* StopLoadingTableViewController.m */; };
		64B6161018C7A1DF003764CE /* Foundation.framework in Frameworks */ = {isa = PBXBuildFile; fileRef = 64B6160F18C7A1DF003764CE /* Foundation.framework */; };
		64B6161218C7A1DF003764CE /* CoreGraphics.framework in Frameworks */ = {isa = PBXBuildFile; fileRef = 64B6161118C7A1DF003764CE /* CoreGraphics.framework */; };
		64B6161418C7A1DF003764CE /* UIKit.framework in Frameworks */ = {isa = PBXBuildFile; fileRef = 64B6161318C7A1DF003764CE /* UIKit.framework */; };
		64B6161A18C7A1DF003764CE /* InfoPlist.strings in Resources */ = {isa = PBXBuildFile; fileRef = 64B6161818C7A1DF003764CE /* InfoPlist.strings */; };
		64B6161C18C7A1DF003764CE /* main.m in Sources */ = {isa = PBXBuildFile; fileRef = 64B6161B18C7A1DF003764CE /* main.m */; };
		64B6162018C7A1DF003764CE /* AppDelegate.m in Sources */ = {isa = PBXBuildFile; fileRef = 64B6161F18C7A1DF003764CE /* AppDelegate.m */; };
		64B6162318C7A1DF003764CE /* Main_iPhone.storyboard in Resources */ = {isa = PBXBuildFile; fileRef = 64B6162118C7A1DF003764CE /* Main_iPhone.storyboard */; };
		64B6162618C7A1DF003764CE /* Main_iPad.storyboard in Resources */ = {isa = PBXBuildFile; fileRef = 64B6162418C7A1DF003764CE /* Main_iPad.storyboard */; };
		64B6162918C7A1DF003764CE /* ViewController.m in Sources */ = {isa = PBXBuildFile; fileRef = 64B6162818C7A1DF003764CE /* ViewController.m */; };
		64B6162B18C7A1DF003764CE /* Images.xcassets in Resources */ = {isa = PBXBuildFile; fileRef = 64B6162A18C7A1DF003764CE /* Images.xcassets */; };
		64B6163218C7A1DF003764CE /* XCTest.framework in Frameworks */ = {isa = PBXBuildFile; fileRef = 64B6163118C7A1DF003764CE /* XCTest.framework */; };
		64B6163318C7A1DF003764CE /* Foundation.framework in Frameworks */ = {isa = PBXBuildFile; fileRef = 64B6160F18C7A1DF003764CE /* Foundation.framework */; };
		64B6163418C7A1DF003764CE /* UIKit.framework in Frameworks */ = {isa = PBXBuildFile; fileRef = 64B6161318C7A1DF003764CE /* UIKit.framework */; };
		64B6163C18C7A1DF003764CE /* InfoPlist.strings in Resources */ = {isa = PBXBuildFile; fileRef = 64B6163A18C7A1DF003764CE /* InfoPlist.strings */; };
		64B6163E18C7A1DF003764CE /* EVSETests.m in Sources */ = {isa = PBXBuildFile; fileRef = 64B6163D18C7A1DF003764CE /* EVSETests.m */; };
		64B6164F18C7A57B003764CE /* Client.mm in Sources */ = {isa = PBXBuildFile; fileRef = 64B6164E18C7A57B003764CE /* Client.mm */; };
		64B6165218C7B54E003764CE /* NetworkTableViewController.m in Sources */ = {isa = PBXBuildFile; fileRef = 64B6165018C7B54E003764CE /* NetworkTableViewController.m */; };
/* End PBXBuildFile section */

/* Begin PBXContainerItemProxy section */
		64B6163518C7A1DF003764CE /* PBXContainerItemProxy */ = {
			isa = PBXContainerItemProxy;
			containerPortal = 64B6160418C7A1DF003764CE /* Project object */;
			proxyType = 1;
			remoteGlobalIDString = 64B6160B18C7A1DF003764CE;
			remoteInfo = EVSE;
		};
/* End PBXContainerItemProxy section */

/* Begin PBXFileReference section */
		646FBE9218D5D6FC00207C0D /* StartLoadingTableViewController.h */ = {isa = PBXFileReference; fileEncoding = 4; lastKnownFileType = sourcecode.c.h; path = StartLoadingTableViewController.h; sourceTree = "<group>"; };
		646FBE9318D5D6FC00207C0D /* StartLoadingTableViewController.m */ = {isa = PBXFileReference; fileEncoding = 4; lastKnownFileType = sourcecode.c.objc; path = StartLoadingTableViewController.m; sourceTree = "<group>"; };
		646FBE9518D5D70E00207C0D /* StopLoadingTableViewController.h */ = {isa = PBXFileReference; fileEncoding = 4; lastKnownFileType = sourcecode.c.h; path = StopLoadingTableViewController.h; sourceTree = "<group>"; };
		646FBE9618D5D70E00207C0D /* StopLoadingTableViewController.m */ = {isa = PBXFileReference; fileEncoding = 4; lastKnownFileType = sourcecode.c.objc; path = StopLoadingTableViewController.m; sourceTree = "<group>"; };
		64B6160C18C7A1DF003764CE /* EVSE.app */ = {isa = PBXFileReference; explicitFileType = wrapper.application; includeInIndex = 0; path = EVSE.app; sourceTree = BUILT_PRODUCTS_DIR; };
		64B6160F18C7A1DF003764CE /* Foundation.framework */ = {isa = PBXFileReference; lastKnownFileType = wrapper.framework; name = Foundation.framework; path = System/Library/Frameworks/Foundation.framework; sourceTree = SDKROOT; };
		64B6161118C7A1DF003764CE /* CoreGraphics.framework */ = {isa = PBXFileReference; lastKnownFileType = wrapper.framework; name = CoreGraphics.framework; path = System/Library/Frameworks/CoreGraphics.framework; sourceTree = SDKROOT; };
		64B6161318C7A1DF003764CE /* UIKit.framework */ = {isa = PBXFileReference; lastKnownFileType = wrapper.framework; name = UIKit.framework; path = System/Library/Frameworks/UIKit.framework; sourceTree = SDKROOT; };
		64B6161718C7A1DF003764CE /* EVSE-Info.plist */ = {isa = PBXFileReference; lastKnownFileType = text.plist.xml; path = "EVSE-Info.plist"; sourceTree = "<group>"; };
		64B6161918C7A1DF003764CE /* en */ = {isa = PBXFileReference; lastKnownFileType = text.plist.strings; name = en; path = en.lproj/InfoPlist.strings; sourceTree = "<group>"; };
		64B6161B18C7A1DF003764CE /* main.m */ = {isa = PBXFileReference; lastKnownFileType = sourcecode.c.objc; path = main.m; sourceTree = "<group>"; };
		64B6161D18C7A1DF003764CE /* EVSE-Prefix.pch */ = {isa = PBXFileReference; lastKnownFileType = sourcecode.c.h; path = "EVSE-Prefix.pch"; sourceTree = "<group>"; };
		64B6161E18C7A1DF003764CE /* AppDelegate.h */ = {isa = PBXFileReference; lastKnownFileType = sourcecode.c.h; path = AppDelegate.h; sourceTree = "<group>"; };
		64B6161F18C7A1DF003764CE /* AppDelegate.m */ = {isa = PBXFileReference; lastKnownFileType = sourcecode.c.objc; path = AppDelegate.m; sourceTree = "<group>"; };
		64B6162218C7A1DF003764CE /* Base */ = {isa = PBXFileReference; lastKnownFileType = file.storyboard; name = Base; path = Base.lproj/Main_iPhone.storyboard; sourceTree = "<group>"; };
		64B6162518C7A1DF003764CE /* Base */ = {isa = PBXFileReference; lastKnownFileType = file.storyboard; name = Base; path = Base.lproj/Main_iPad.storyboard; sourceTree = "<group>"; };
		64B6162718C7A1DF003764CE /* ViewController.h */ = {isa = PBXFileReference; lastKnownFileType = sourcecode.c.h; path = ViewController.h; sourceTree = "<group>"; };
		64B6162818C7A1DF003764CE /* ViewController.m */ = {isa = PBXFileReference; lastKnownFileType = sourcecode.c.objc; path = ViewController.m; sourceTree = "<group>"; };
		64B6162A18C7A1DF003764CE /* Images.xcassets */ = {isa = PBXFileReference; lastKnownFileType = folder.assetcatalog; path = Images.xcassets; sourceTree = "<group>"; };
		64B6163018C7A1DF003764CE /* EVSETests.xctest */ = {isa = PBXFileReference; explicitFileType = wrapper.cfbundle; includeInIndex = 0; path = EVSETests.xctest; sourceTree = BUILT_PRODUCTS_DIR; };
		64B6163118C7A1DF003764CE /* XCTest.framework */ = {isa = PBXFileReference; lastKnownFileType = wrapper.framework; name = XCTest.framework; path = Library/Frameworks/XCTest.framework; sourceTree = DEVELOPER_DIR; };
		64B6163918C7A1DF003764CE /* EVSETests-Info.plist */ = {isa = PBXFileReference; lastKnownFileType = text.plist.xml; path = "EVSETests-Info.plist"; sourceTree = "<group>"; };
		64B6163B18C7A1DF003764CE /* en */ = {isa = PBXFileReference; lastKnownFileType = text.plist.strings; name = en; path = en.lproj/InfoPlist.strings; sourceTree = "<group>"; };
		64B6163D18C7A1DF003764CE /* EVSETests.m */ = {isa = PBXFileReference; lastKnownFileType = sourcecode.c.objc; path = EVSETests.m; sourceTree = "<group>"; };
		64B6164D18C7A56A003764CE /* Client.h */ = {isa = PBXFileReference; lastKnownFileType = sourcecode.c.h; path = Client.h; sourceTree = "<group>"; };
		64B6164E18C7A57B003764CE /* Client.mm */ = {isa = PBXFileReference; fileEncoding = 4; lastKnownFileType = sourcecode.cpp.objcpp; path = Client.mm; sourceTree = "<group>"; };
		64B6165018C7B54E003764CE /* NetworkTableViewController.m */ = {isa = PBXFileReference; fileEncoding = 4; lastKnownFileType = sourcecode.c.objc; path = NetworkTableViewController.m; sourceTree = "<group>"; };
		64B6165118C7B54E003764CE /* NetworkTableViewController.h */ = {isa = PBXFileReference; fileEncoding = 4; lastKnownFileType = sourcecode.c.h; path = NetworkTableViewController.h; sourceTree = "<group>"; };
/* End PBXFileReference section */

/* Begin PBXFrameworksBuildPhase section */
		64B6160918C7A1DF003764CE /* Frameworks */ = {
			isa = PBXFrameworksBuildPhase;
			buildActionMask = 2147483647;
			files = (
				64B6161218C7A1DF003764CE /* CoreGraphics.framework in Frameworks */,
				64B6161418C7A1DF003764CE /* UIKit.framework in Frameworks */,
				64B6161018C7A1DF003764CE /* Foundation.framework in Frameworks */,
			);
			runOnlyForDeploymentPostprocessing = 0;
		};
		64B6162D18C7A1DF003764CE /* Frameworks */ = {
			isa = PBXFrameworksBuildPhase;
			buildActionMask = 2147483647;
			files = (
				64B6163218C7A1DF003764CE /* XCTest.framework in Frameworks */,
				64B6163418C7A1DF003764CE /* UIKit.framework in Frameworks */,
				64B6163318C7A1DF003764CE /* Foundation.framework in Frameworks */,
			);
			runOnlyForDeploymentPostprocessing = 0;
		};
/* End PBXFrameworksBuildPhase section */

/* Begin PBXGroup section */
		64B6160318C7A1DF003764CE = {
			isa = PBXGroup;
			children = (
				64B6161518C7A1DF003764CE /* EVSE */,
				64B6163718C7A1DF003764CE /* EVSETests */,
				64B6160E18C7A1DF003764CE /* Frameworks */,
				64B6160D18C7A1DF003764CE /* Products */,
			);
			sourceTree = "<group>";
		};
		64B6160D18C7A1DF003764CE /* Products */ = {
			isa = PBXGroup;
			children = (
				64B6160C18C7A1DF003764CE /* EVSE.app */,
				64B6163018C7A1DF003764CE /* EVSETests.xctest */,
			);
			name = Products;
			sourceTree = "<group>";
		};
		64B6160E18C7A1DF003764CE /* Frameworks */ = {
			isa = PBXGroup;
			children = (
				64B6160F18C7A1DF003764CE /* Foundation.framework */,
				64B6161118C7A1DF003764CE /* CoreGraphics.framework */,
				64B6161318C7A1DF003764CE /* UIKit.framework */,
				64B6163118C7A1DF003764CE /* XCTest.framework */,
			);
			name = Frameworks;
			sourceTree = "<group>";
		};
		64B6161518C7A1DF003764CE /* EVSE */ = {
			isa = PBXGroup;
			children = (
				64B6165018C7B54E003764CE /* NetworkTableViewController.m */,
				64B6165118C7B54E003764CE /* NetworkTableViewController.h */,
				64B6161E18C7A1DF003764CE /* AppDelegate.h */,
				64B6161F18C7A1DF003764CE /* AppDelegate.m */,
				64B6162118C7A1DF003764CE /* Main_iPhone.storyboard */,
				64B6162418C7A1DF003764CE /* Main_iPad.storyboard */,
				64B6162718C7A1DF003764CE /* ViewController.h */,
				64B6162818C7A1DF003764CE /* ViewController.m */,
				64B6164D18C7A56A003764CE /* Client.h */,
				64B6164E18C7A57B003764CE /* Client.mm */,
				64B6162A18C7A1DF003764CE /* Images.xcassets */,
				64B6161618C7A1DF003764CE /* Supporting Files */,
				646FBE9218D5D6FC00207C0D /* StartLoadingTableViewController.h */,
				646FBE9318D5D6FC00207C0D /* StartLoadingTableViewController.m */,
				646FBE9518D5D70E00207C0D /* StopLoadingTableViewController.h */,
				646FBE9618D5D70E00207C0D /* StopLoadingTableViewController.m */,
			);
			path = EVSE;
			sourceTree = "<group>";
		};
		64B6161618C7A1DF003764CE /* Supporting Files */ = {
			isa = PBXGroup;
			children = (
				64B6161718C7A1DF003764CE /* EVSE-Info.plist */,
				64B6161818C7A1DF003764CE /* InfoPlist.strings */,
				64B6161B18C7A1DF003764CE /* main.m */,
				64B6161D18C7A1DF003764CE /* EVSE-Prefix.pch */,
			);
			name = "Supporting Files";
			sourceTree = "<group>";
		};
		64B6163718C7A1DF003764CE /* EVSETests */ = {
			isa = PBXGroup;
			children = (
				64B6163D18C7A1DF003764CE /* EVSETests.m */,
				64B6163818C7A1DF003764CE /* Supporting Files */,
			);
			path = EVSETests;
			sourceTree = "<group>";
		};
		64B6163818C7A1DF003764CE /* Supporting Files */ = {
			isa = PBXGroup;
			children = (
				64B6163918C7A1DF003764CE /* EVSETests-Info.plist */,
				64B6163A18C7A1DF003764CE /* InfoPlist.strings */,
			);
			name = "Supporting Files";
			sourceTree = "<group>";
		};
/* End PBXGroup section */

/* Begin PBXNativeTarget section */
		64B6160B18C7A1DF003764CE /* EVSE */ = {
			isa = PBXNativeTarget;
			buildConfigurationList = 64B6164118C7A1DF003764CE /* Build configuration list for PBXNativeTarget "EVSE" */;
			buildPhases = (
				64B6160818C7A1DF003764CE /* Sources */,
				64B6160918C7A1DF003764CE /* Frameworks */,
				64B6160A18C7A1DF003764CE /* Resources */,
			);
			buildRules = (
			);
			dependencies = (
			);
			name = EVSE;
			productName = EVSE;
			productReference = 64B6160C18C7A1DF003764CE /* EVSE.app */;
			productType = "com.apple.product-type.application";
		};
		64B6162F18C7A1DF003764CE /* EVSETests */ = {
			isa = PBXNativeTarget;
			buildConfigurationList = 64B6164418C7A1DF003764CE /* Build configuration list for PBXNativeTarget "EVSETests" */;
			buildPhases = (
				64B6162C18C7A1DF003764CE /* Sources */,
				64B6162D18C7A1DF003764CE /* Frameworks */,
				64B6162E18C7A1DF003764CE /* Resources */,
			);
			buildRules = (
			);
			dependencies = (
				64B6163618C7A1DF003764CE /* PBXTargetDependency */,
			);
			name = EVSETests;
			productName = EVSETests;
			productReference = 64B6163018C7A1DF003764CE /* EVSETests.xctest */;
			productType = "com.apple.product-type.bundle.unit-test";
		};
/* End PBXNativeTarget section */

/* Begin PBXProject section */
		64B6160418C7A1DF003764CE /* Project object */ = {
			isa = PBXProject;
			attributes = {
				LastUpgradeCheck = 0510;
				ORGANIZATIONNAME = Manuel;
				TargetAttributes = {
					64B6162F18C7A1DF003764CE = {
						TestTargetID = 64B6160B18C7A1DF003764CE;
					};
				};
			};
			buildConfigurationList = 64B6160718C7A1DF003764CE /* Build configuration list for PBXProject "EVSE" */;
			compatibilityVersion = "Xcode 3.2";
			developmentRegion = English;
			hasScannedForEncodings = 0;
			knownRegions = (
				en,
				Base,
			);
			mainGroup = 64B6160318C7A1DF003764CE;
			productRefGroup = 64B6160D18C7A1DF003764CE /* Products */;
			projectDirPath = "";
			projectRoot = "";
			targets = (
				64B6160B18C7A1DF003764CE /* EVSE */,
				64B6162F18C7A1DF003764CE /* EVSETests */,
			);
		};
/* End PBXProject section */

/* Begin PBXResourcesBuildPhase section */
		64B6160A18C7A1DF003764CE /* Resources */ = {
			isa = PBXResourcesBuildPhase;
			buildActionMask = 2147483647;
			files = (
				64B6162618C7A1DF003764CE /* Main_iPad.storyboard in Resources */,
				64B6162B18C7A1DF003764CE /* Images.xcassets in Resources */,
				64B6162318C7A1DF003764CE /* Main_iPhone.storyboard in Resources */,
				64B6161A18C7A1DF003764CE /* InfoPlist.strings in Resources */,
			);
			runOnlyForDeploymentPostprocessing = 0;
		};
		64B6162E18C7A1DF003764CE /* Resources */ = {
			isa = PBXResourcesBuildPhase;
			buildActionMask = 2147483647;
			files = (
				64B6163C18C7A1DF003764CE /* InfoPlist.strings in Resources */,
			);
			runOnlyForDeploymentPostprocessing = 0;
		};
/* End PBXResourcesBuildPhase section */

/* Begin PBXSourcesBuildPhase section */
		64B6160818C7A1DF003764CE /* Sources */ = {
			isa = PBXSourcesBuildPhase;
			buildActionMask = 2147483647;
			files = (
				646FBE9718D5D70E00207C0D /* StopLoadingTableViewController.m in Sources */,
				64B6162918C7A1DF003764CE /* ViewController.m in Sources */,
				64B6164F18C7A57B003764CE /* Client.mm in Sources */,
				64B6162018C7A1DF003764CE /* AppDelegate.m in Sources */,
				64B6161C18C7A1DF003764CE /* main.m in Sources */,
				64B6165218C7B54E003764CE /* NetworkTableViewController.m in Sources */,
				646FBE9418D5D6FC00207C0D /* StartLoadingTableViewController.m in Sources */,
			);
			runOnlyForDeploymentPostprocessing = 0;
		};
		64B6162C18C7A1DF003764CE /* Sources */ = {
			isa = PBXSourcesBuildPhase;
			buildActionMask = 2147483647;
			files = (
				64B6163E18C7A1DF003764CE /* EVSETests.m in Sources */,
			);
			runOnlyForDeploymentPostprocessing = 0;
		};
/* End PBXSourcesBuildPhase section */

/* Begin PBXTargetDependency section */
		64B6163618C7A1DF003764CE /* PBXTargetDependency */ = {
			isa = PBXTargetDependency;
			target = 64B6160B18C7A1DF003764CE /* EVSE */;
			targetProxy = 64B6163518C7A1DF003764CE /* PBXContainerItemProxy */;
		};
/* End PBXTargetDependency section */

/* Begin PBXVariantGroup section */
		64B6161818C7A1DF003764CE /* InfoPlist.strings */ = {
			isa = PBXVariantGroup;
			children = (
				64B6161918C7A1DF003764CE /* en */,
			);
			name = InfoPlist.strings;
			sourceTree = "<group>";
		};
		64B6162118C7A1DF003764CE /* Main_iPhone.storyboard */ = {
			isa = PBXVariantGroup;
			children = (
				64B6162218C7A1DF003764CE /* Base */,
			);
			name = Main_iPhone.storyboard;
			sourceTree = "<group>";
		};
		64B6162418C7A1DF003764CE /* Main_iPad.storyboard */ = {
			isa = PBXVariantGroup;
			children = (
				64B6162518C7A1DF003764CE /* Base */,
			);
			name = Main_iPad.storyboard;
			sourceTree = "<group>";
		};
		64B6163A18C7A1DF003764CE /* InfoPlist.strings */ = {
			isa = PBXVariantGroup;
			children = (
				64B6163B18C7A1DF003764CE /* en */,
			);
			name = InfoPlist.strings;
			sourceTree = "<group>";
		};
/* End PBXVariantGroup section */

/* Begin XCBuildConfiguration section */
		64B6163F18C7A1DF003764CE /* Debug */ = {
			isa = XCBuildConfiguration;
			buildSettings = {
				ALWAYS_SEARCH_USER_PATHS = NO;
				CLANG_CXX_LANGUAGE_STANDARD = "gnu++0x";
				CLANG_CXX_LIBRARY = "libc++";
				CLANG_ENABLE_MODULES = YES;
				CLANG_ENABLE_OBJC_ARC = YES;
				CLANG_WARN_BOOL_CONVERSION = YES;
				CLANG_WARN_CONSTANT_CONVERSION = YES;
				CLANG_WARN_DIRECT_OBJC_ISA_USAGE = YES_ERROR;
				CLANG_WARN_EMPTY_BODY = YES;
				CLANG_WARN_ENUM_CONVERSION = YES;
				CLANG_WARN_INT_CONVERSION = YES;
				CLANG_WARN_OBJC_ROOT_CLASS = YES_ERROR;
				CLANG_WARN__DUPLICATE_METHOD_MATCH = YES;
				"CODE_SIGN_IDENTITY[sdk=iphoneos*]" = "iPhone Developer";
				COPY_PHASE_STRIP = NO;
				GCC_C_LANGUAGE_STANDARD = gnu99;
				GCC_DYNAMIC_NO_PIC = NO;
				GCC_OPTIMIZATION_LEVEL = 0;
				GCC_PREPROCESSOR_DEFINITIONS = (
					"DEBUG=1",
					"$(inherited)",
				);
				GCC_SYMBOLS_PRIVATE_EXTERN = NO;
				GCC_WARN_64_TO_32_BIT_CONVERSION = YES;
				GCC_WARN_ABOUT_RETURN_TYPE = YES_ERROR;
				GCC_WARN_UNDECLARED_SELECTOR = YES;
				GCC_WARN_UNINITIALIZED_AUTOS = YES_AGGRESSIVE;
				GCC_WARN_UNUSED_FUNCTION = YES;
				GCC_WARN_UNUSED_VARIABLE = YES;
				IPHONEOS_DEPLOYMENT_TARGET = 7.1;
				ONLY_ACTIVE_ARCH = YES;
				SDKROOT = iphoneos;
				TARGETED_DEVICE_FAMILY = "1,2";
			};
			name = Debug;
		};
		64B6164018C7A1DF003764CE /* Release */ = {
			isa = XCBuildConfiguration;
			buildSettings = {
				ALWAYS_SEARCH_USER_PATHS = NO;
				CLANG_CXX_LANGUAGE_STANDARD = "gnu++0x";
				CLANG_CXX_LIBRARY = "libc++";
				CLANG_ENABLE_MODULES = YES;
				CLANG_ENABLE_OBJC_ARC = YES;
				CLANG_WARN_BOOL_CONVERSION = YES;
				CLANG_WARN_CONSTANT_CONVERSION = YES;
				CLANG_WARN_DIRECT_OBJC_ISA_USAGE = YES_ERROR;
				CLANG_WARN_EMPTY_BODY = YES;
				CLANG_WARN_ENUM_CONVERSION = YES;
				CLANG_WARN_INT_CONVERSION = YES;
				CLANG_WARN_OBJC_ROOT_CLASS = YES_ERROR;
				CLANG_WARN__DUPLICATE_METHOD_MATCH = YES;
				"CODE_SIGN_IDENTITY[sdk=iphoneos*]" = "iPhone Developer";
				COPY_PHASE_STRIP = YES;
				ENABLE_NS_ASSERTIONS = NO;
				GCC_C_LANGUAGE_STANDARD = gnu99;
				GCC_WARN_64_TO_32_BIT_CONVERSION = YES;
				GCC_WARN_ABOUT_RETURN_TYPE = YES_ERROR;
				GCC_WARN_UNDECLARED_SELECTOR = YES;
				GCC_WARN_UNINITIALIZED_AUTOS = YES_AGGRESSIVE;
				GCC_WARN_UNUSED_FUNCTION = YES;
				GCC_WARN_UNUSED_VARIABLE = YES;
				IPHONEOS_DEPLOYMENT_TARGET = 7.1;
				SDKROOT = iphoneos;
				TARGETED_DEVICE_FAMILY = "1,2";
				VALIDATE_PRODUCT = YES;
			};
			name = Release;
		};
		64B6164218C7A1DF003764CE /* Debug */ = {
			isa = XCBuildConfiguration;
			buildSettings = {
				ASSETCATALOG_COMPILER_APPICON_NAME = AppIcon;
				ASSETCATALOG_COMPILER_LAUNCHIMAGE_NAME = LaunchImage;
				GCC_PRECOMPILE_PREFIX_HEADER = YES;
				GCC_PREFIX_HEADER = "EVSE/EVSE-Prefix.pch";
				INFOPLIST_FILE = "EVSE/EVSE-Info.plist";
				IPHONEOS_DEPLOYMENT_TARGET = 7.1;
				PRODUCT_NAME = "$(TARGET_NAME)";
				WRAPPER_EXTENSION = app;
			};
			name = Debug;
		};
		64B6164318C7A1DF003764CE /* Release */ = {
			isa = XCBuildConfiguration;
			buildSettings = {
				ASSETCATALOG_COMPILER_APPICON_NAME = AppIcon;
				ASSETCATALOG_COMPILER_LAUNCHIMAGE_NAME = LaunchImage;
				GCC_PRECOMPILE_PREFIX_HEADER = YES;
				GCC_PREFIX_HEADER = "EVSE/EVSE-Prefix.pch";
				INFOPLIST_FILE = "EVSE/EVSE-Info.plist";
				IPHONEOS_DEPLOYMENT_TARGET = 7.1;
				PRODUCT_NAME = "$(TARGET_NAME)";
				WRAPPER_EXTENSION = app;
			};
			name = Release;
		};
		64B6164518C7A1DF003764CE /* Debug */ = {
			isa = XCBuildConfiguration;
			buildSettings = {
				BUNDLE_LOADER = "$(BUILT_PRODUCTS_DIR)/EVSE.app/EVSE";
				FRAMEWORK_SEARCH_PATHS = (
					"$(SDKROOT)/Developer/Library/Frameworks",
					"$(inherited)",
					"$(DEVELOPER_FRAMEWORKS_DIR)",
				);
				GCC_PRECOMPILE_PREFIX_HEADER = YES;
				GCC_PREFIX_HEADER = "EVSE/EVSE-Prefix.pch";
				GCC_PREPROCESSOR_DEFINITIONS = (
					"DEBUG=1",
					"$(inherited)",
				);
				INFOPLIST_FILE = "EVSETests/EVSETests-Info.plist";
				PRODUCT_NAME = "$(TARGET_NAME)";
				TEST_HOST = "$(BUNDLE_LOADER)";
				WRAPPER_EXTENSION = xctest;
			};
			name = Debug;
		};
		64B6164618C7A1DF003764CE /* Release */ = {
			isa = XCBuildConfiguration;
			buildSettings = {
				BUNDLE_LOADER = "$(BUILT_PRODUCTS_DIR)/EVSE.app/EVSE";
				FRAMEWORK_SEARCH_PATHS = (
					"$(SDKROOT)/Developer/Library/Frameworks",
					"$(inherited)",
					"$(DEVELOPER_FRAMEWORKS_DIR)",
				);
				GCC_PRECOMPILE_PREFIX_HEADER = YES;
				GCC_PREFIX_HEADER = "EVSE/EVSE-Prefix.pch";
				INFOPLIST_FILE = "EVSETests/EVSETests-Info.plist";
				PRODUCT_NAME = "$(TARGET_NAME)";
				TEST_HOST = "$(BUNDLE_LOADER)";
				WRAPPER_EXTENSION = xctest;
			};
			name = Release;
		};
/* End XCBuildConfiguration section */

/* Begin XCConfigurationList section */
		64B6160718C7A1DF003764CE /* Build configuration list for PBXProject "EVSE" */ = {
			isa = XCConfigurationList;
			buildConfigurations = (
				64B6163F18C7A1DF003764CE /* Debug */,
				64B6164018C7A1DF003764CE /* Release */,
			);
			defaultConfigurationIsVisible = 0;
			defaultConfigurationName = Release;
		};
		64B6164118C7A1DF003764CE /* Build configuration list for PBXNativeTarget "EVSE" */ = {
			isa = XCConfigurationList;
			buildConfigurations = (
				64B6164218C7A1DF003764CE /* Debug */,
				64B6164318C7A1DF003764CE /* Release */,
			);
			defaultConfigurationIsVisible = 0;
			defaultConfigurationName = Release;
		};
		64B6164418C7A1DF003764CE /* Build configuration list for PBXNativeTarget "EVSETests" */ = {
			isa = XCConfigurationList;
			buildConfigurations = (
				64B6164518C7A1DF003764CE /* Debug */,
				64B6164618C7A1DF003764CE /* Release */,
			);
			defaultConfigurationIsVisible = 0;
			defaultConfigurationName = Release;
		};
/* End XCConfigurationList section */
	};
	rootObject = 64B6160418C7A1DF003764CE /* Project object */;
}
